{
  "name": "@divvy/react-challenge",
  "version": "0.0.0",
  "lockfileVersion": 1,
  "requires": true,
  "dependencies": {
    "@apollo/react-common": {
      "version": "3.0.1",
      "resolved": "https://registry.npmjs.org/@apollo/react-common/-/react-common-3.0.1.tgz",
      "integrity": "sha512-7SC4qqPFo/41AhaQKCRovIshKkm4JLEGXyRHi+NPsaNJyk2J/HrWREnlHVqoPzYeIyq33f1L6j/NAkKn1NOnnQ==",
      "requires": {
        "ts-invariant": "^0.4.4",
        "tslib": "^1.10.0"
      }
    },
    "@apollo/react-hooks": {
      "version": "3.0.1",
      "resolved": "https://registry.npmjs.org/@apollo/react-hooks/-/react-hooks-3.0.1.tgz",
      "integrity": "sha512-Boai/T+2z3m23Gy82m1pB+FOlrhkBJ//EIYa3pqX9sUsvgRWMKC+3NxpeHEUYqsf0qzFiM1dO4Pn9OxCFstM8g==",
      "requires": {
        "@apollo/react-common": "^3.0.1",
        "@wry/equality": "^0.1.9",
        "ts-invariant": "^0.4.4",
        "tslib": "^1.10.0"
      }
    },
    "@wry/equality": {
      "version": "0.1.9",
      "resolved": "https://registry.npmjs.org/@wry/equality/-/equality-0.1.9.tgz",
      "integrity": "sha512-mB6ceGjpMGz1ZTza8HYnrPGos2mC6So4NhS1PtZ8s4Qt0K7fBiIGhpSxUbQmhwcSWE3no+bYxmI2OL6KuXYmoQ==",
      "requires": {
        "tslib": "^1.9.3"
      }
    },
    "graphql-tag": {
      "version": "2.10.1",
      "resolved": "https://registry.npmjs.org/graphql-tag/-/graphql-tag-2.10.1.tgz",
      "integrity": "sha512-jApXqWBzNXQ8jYa/HLkZJaVw9jgwNqZkywa2zfFn16Iv1Zb7ELNHkJaXHR7Quvd5SIGsy6Ny7SUKATgnu05uEg=="
    },
    "ts-invariant": {
      "version": "0.4.4",
      "resolved": "https://registry.npmjs.org/ts-invariant/-/ts-invariant-0.4.4.tgz",
      "integrity": "sha512-uEtWkFM/sdZvRNNDL3Ehu4WVpwaulhwQszV8mrtcdeE8nN00BV9mAmQ88RkrBhFgl9gMgvjJLAQcZbnPXI9mlA==",
      "requires": {
        "tslib": "^1.9.3"
      }
    },
    "tslib": {
      "version": "1.10.0",
      "resolved": "https://registry.npmjs.org/tslib/-/tslib-1.10.0.tgz",
      "integrity": "sha512-qOebF53frne81cf0S9B41ByenJ3/IuH8yJKngAX35CmiZySA0khhkovshKK+jGCaMnVomla7gVlIcc3EvKPbTQ=="
    }
  }
}
